
Microsoft Visual Studio Solution File, Format Version 12.00
# Visual Studio 15
VisualStudioVersion = 15.0.28307.572
MinimumVisualStudioVersion = 10.0.40219.1
Project("{FAE04EC0-301F-11D3-BF4B-00C04F79EFBC}") = "ApiFramework", "ApiFramework\ApiFramework.csproj", "{815C8801-1CBF-493E-BE29-69D2373247BD}"
EndProject
Project("{FAE04EC0-301F-11D3-BF4B-00C04F79EFBC}") = "Framework", "Framework\Framework.csproj", "{9455E2E6-B47D-4514-AAE6-7985940C32F5}"
EndProject
Global
	GlobalSection(SolutionConfigurationPlatforms) = preSolution
		Debug|Any CPU = Debug|Any CPU
		Release|Any CPU = Release|Any CPU
	EndGlobalSection
	GlobalSection(ProjectConfigurationPlatforms) = postSolution
		{815C8801-1CBF-493E-BE29-69D2373247BD}.Debug|Any CPU.ActiveCfg = Debug|Any CPU
		{815C8801-1CBF-493E-BE29-69D2373247BD}.Debug|Any CPU.Build.0 = Debug|Any CPU
		{815C8801-1CBF-493E-BE29-69D2373247BD}.Release|Any CPU.ActiveCfg = Release|Any CPU
		{815C8801-1CBF-493E-BE29-69D2373247BD}.Release|Any CPU.Build.0 = Release|Any CPU
		{9455E2E6-B47D-4514-AAE6-7985940C32F5}.Debug|Any CPU.ActiveCfg = Debug|Any CPU
		{9455E2E6-B47D-4514-AAE6-7985940C32F5}.Debug|Any CPU.Build.0 = Debug|Any CPU
		{9455E2E6-B47D-4514-AAE6-7985940C32F5}.Release|Any CPU.ActiveCfg = Release|Any CPU
		{9455E2E6-B47D-4514-AAE6-7985940C32F5}.Release|Any CPU.Build.0 = Release|Any CPU
	EndGlobalSection
	GlobalSection(SolutionProperties) = preSolution
		HideSolutionNode = FALSE
	EndGlobalSection
	GlobalSection(ExtensibilityGlobals) = postSolution
		SolutionGuid = {79116EF1-4664-4D26-92BD-0FDE6885A25A}
	EndGlobalSection
EndGlobal
